
Microsoft Visual Studio Solution File, Format Version 12.00
# Visual Studio Version 17
VisualStudioVersion = 17.8.34309.116
MinimumVisualStudioVersion = 10.0.40219.1
Project("{2150E333-8FDC-42A3-9474-1A3956D46DE8}") = "SOLID", "SOLID", "{5E4B205A-DC76-484D-85CA-9ECCEBD65E27}"
EndProject
Project("{9A19103F-16F7-4668-BE54-9A1E7A4F7556}") = "DIP", "SOLID\DIP\DIP.csproj", "{44965D1A-8F5D-4BFA-B079-291B28EA62E1}"
EndProject
Project("{9A19103F-16F7-4668-BE54-9A1E7A4F7556}") = "ISP", "SOLID\ISP\ISP.csproj", "{A54CE6F4-FECA-469F-A54B-70DC4B774EEE}"
EndProject
Project("{9A19103F-16F7-4668-BE54-9A1E7A4F7556}") = "OCP", "SOLID\OCP\OCP.csproj", "{C6D129AF-617E-46F5-85C5-F17BBB292549}"
EndProject
Project("{9A19103F-16F7-4668-BE54-9A1E7A4F7556}") = "SRP", "SOLID\SRP\SRP.csproj", "{714ED38E-9631-4ACD-B671-62775EFE275D}"
EndProject
Project("{9A19103F-16F7-4668-BE54-9A1E7A4F7556}") = "LSP", "SOLID\LSP\LSP.csproj", "{3D126C55-2C30-44D9-A422-10425B240CAC}"
EndProject
Project("{2150E333-8FDC-42A3-9474-1A3956D46DE8}") = "DesignPatterns", "DesignPatterns", "{ABD6B9D0-DA53-4279-B04D-8E5782DFA461}"
EndProject
Project("{9A19103F-16F7-4668-BE54-9A1E7A4F7556}") = "FactoryMethod", "DesignPatterns\FactoryMethod\FactoryMethod.csproj", "{092F615A-0392-4CFB-AA9E-929F24794A94}"
EndProject
Project("{FAE04EC0-301F-11D3-BF4B-00C04F79EFBC}") = "AbstractFactory", "AbstractFactory\AbstractFactory.csproj", "{BF72C631-8DFC-4EA1-9A18-53D9FBAFD6DE}"
EndProject
Global
	GlobalSection(SolutionConfigurationPlatforms) = preSolution
		Debug|Any CPU = Debug|Any CPU
		Release|Any CPU = Release|Any CPU
	EndGlobalSection
	GlobalSection(ProjectConfigurationPlatforms) = postSolution
		{44965D1A-8F5D-4BFA-B079-291B28EA62E1}.Debug|Any CPU.ActiveCfg = Debug|Any CPU
		{44965D1A-8F5D-4BFA-B079-291B28EA62E1}.Debug|Any CPU.Build.0 = Debug|Any CPU
		{44965D1A-8F5D-4BFA-B079-291B28EA62E1}.Release|Any CPU.ActiveCfg = Release|Any CPU
		{44965D1A-8F5D-4BFA-B079-291B28EA62E1}.Release|Any CPU.Build.0 = Release|Any CPU
		{A54CE6F4-FECA-469F-A54B-70DC4B774EEE}.Debug|Any CPU.ActiveCfg = Debug|Any CPU
		{A54CE6F4-FECA-469F-A54B-70DC4B774EEE}.Debug|Any CPU.Build.0 = Debug|Any CPU
		{A54CE6F4-FECA-469F-A54B-70DC4B774EEE}.Release|Any CPU.ActiveCfg = Release|Any CPU
		{A54CE6F4-FECA-469F-A54B-70DC4B774EEE}.Release|Any CPU.Build.0 = Release|Any CPU
		{C6D129AF-617E-46F5-85C5-F17BBB292549}.Debug|Any CPU.ActiveCfg = Debug|Any CPU
		{C6D129AF-617E-46F5-85C5-F17BBB292549}.Debug|Any CPU.Build.0 = Debug|Any CPU
		{C6D129AF-617E-46F5-85C5-F17BBB292549}.Release|Any CPU.ActiveCfg = Release|Any CPU
		{C6D129AF-617E-46F5-85C5-F17BBB292549}.Release|Any CPU.Build.0 = Release|Any CPU
		{714ED38E-9631-4ACD-B671-62775EFE275D}.Debug|Any CPU.ActiveCfg = Debug|Any CPU
		{714ED38E-9631-4ACD-B671-62775EFE275D}.Debug|Any CPU.Build.0 = Debug|Any CPU
		{714ED38E-9631-4ACD-B671-62775EFE275D}.Release|Any CPU.ActiveCfg = Release|Any CPU
		{714ED38E-9631-4ACD-B671-62775EFE275D}.Release|Any CPU.Build.0 = Release|Any CPU
		{3D126C55-2C30-44D9-A422-10425B240CAC}.Debug|Any CPU.ActiveCfg = Debug|Any CPU
		{3D126C55-2C30-44D9-A422-10425B240CAC}.Debug|Any CPU.Build.0 = Debug|Any CPU
		{3D126C55-2C30-44D9-A422-10425B240CAC}.Release|Any CPU.ActiveCfg = Release|Any CPU
		{3D126C55-2C30-44D9-A422-10425B240CAC}.Release|Any CPU.Build.0 = Release|Any CPU
		{092F615A-0392-4CFB-AA9E-929F24794A94}.Debug|Any CPU.ActiveCfg = Debug|Any CPU
		{092F615A-0392-4CFB-AA9E-929F24794A94}.Debug|Any CPU.Build.0 = Debug|Any CPU
		{092F615A-0392-4CFB-AA9E-929F24794A94}.Release|Any CPU.ActiveCfg = Release|Any CPU
		{092F615A-0392-4CFB-AA9E-929F24794A94}.Release|Any CPU.Build.0 = Release|Any CPU
		{BF72C631-8DFC-4EA1-9A18-53D9FBAFD6DE}.Debug|Any CPU.ActiveCfg = Debug|Any CPU
		{BF72C631-8DFC-4EA1-9A18-53D9FBAFD6DE}.Debug|Any CPU.Build.0 = Debug|Any CPU
		{BF72C631-8DFC-4EA1-9A18-53D9FBAFD6DE}.Release|Any CPU.ActiveCfg = Release|Any CPU
		{BF72C631-8DFC-4EA1-9A18-53D9FBAFD6DE}.Release|Any CPU.Build.0 = Release|Any CPU
	EndGlobalSection
	GlobalSection(SolutionProperties) = preSolution
		HideSolutionNode = FALSE
	EndGlobalSection
	GlobalSection(NestedProjects) = preSolution
		{44965D1A-8F5D-4BFA-B079-291B28EA62E1} = {5E4B205A-DC76-484D-85CA-9ECCEBD65E27}
		{A54CE6F4-FECA-469F-A54B-70DC4B774EEE} = {5E4B205A-DC76-484D-85CA-9ECCEBD65E27}
		{C6D129AF-617E-46F5-85C5-F17BBB292549} = {5E4B205A-DC76-484D-85CA-9ECCEBD65E27}
		{714ED38E-9631-4ACD-B671-62775EFE275D} = {5E4B205A-DC76-484D-85CA-9ECCEBD65E27}
		{3D126C55-2C30-44D9-A422-10425B240CAC} = {5E4B205A-DC76-484D-85CA-9ECCEBD65E27}
		{092F615A-0392-4CFB-AA9E-929F24794A94} = {ABD6B9D0-DA53-4279-B04D-8E5782DFA461}
		{BF72C631-8DFC-4EA1-9A18-53D9FBAFD6DE} = {ABD6B9D0-DA53-4279-B04D-8E5782DFA461}
	EndGlobalSection
	GlobalSection(ExtensibilityGlobals) = postSolution
		SolutionGuid = {A434367A-6AAC-42FC-BD2E-01045C793099}
	EndGlobalSection
EndGlobal
