
Microsoft Visual Studio Solution File, Format Version 12.00
# Visual Studio Version 17
VisualStudioVersion = 17.4.33103.184
MinimumVisualStudioVersion = 10.0.40219.1
Project("{FAE04EC0-301F-11D3-BF4B-00C04F79EFBC}") = "SRP", "SRP\SRP.csproj", "{A85A8D05-04D4-464D-B61C-E07C88E8D864}"
EndProject
Project("{2150E333-8FDC-42A3-9474-1A3956D46DE8}") = "SOLID", "SOLID", "{26A6FEB6-5704-44E9-A069-610377B080A6}"
EndProject
Project("{FAE04EC0-301F-11D3-BF4B-00C04F79EFBC}") = "OCP", "OCP\OCP.csproj", "{BD00BF54-434E-4382-8456-14864C1390BA}"
EndProject
Project("{FAE04EC0-301F-11D3-BF4B-00C04F79EFBC}") = "LSP", "LSP\LSP.csproj", "{49EF0E29-06FE-4F1B-8F19-E0AAFA950D5B}"
EndProject
Project("{FAE04EC0-301F-11D3-BF4B-00C04F79EFBC}") = "ISP", "ISP\ISP.csproj", "{AFE55BCB-63FF-4569-81A3-4676C8DC5269}"
EndProject
Global
	GlobalSection(SolutionConfigurationPlatforms) = preSolution
		Debug|Any CPU = Debug|Any CPU
		Release|Any CPU = Release|Any CPU
	EndGlobalSection
	GlobalSection(ProjectConfigurationPlatforms) = postSolution
		{A85A8D05-04D4-464D-B61C-E07C88E8D864}.Debug|Any CPU.ActiveCfg = Debug|Any CPU
		{A85A8D05-04D4-464D-B61C-E07C88E8D864}.Debug|Any CPU.Build.0 = Debug|Any CPU
		{A85A8D05-04D4-464D-B61C-E07C88E8D864}.Release|Any CPU.ActiveCfg = Release|Any CPU
		{A85A8D05-04D4-464D-B61C-E07C88E8D864}.Release|Any CPU.Build.0 = Release|Any CPU
		{BD00BF54-434E-4382-8456-14864C1390BA}.Debug|Any CPU.ActiveCfg = Debug|Any CPU
		{BD00BF54-434E-4382-8456-14864C1390BA}.Debug|Any CPU.Build.0 = Debug|Any CPU
		{BD00BF54-434E-4382-8456-14864C1390BA}.Release|Any CPU.ActiveCfg = Release|Any CPU
		{BD00BF54-434E-4382-8456-14864C1390BA}.Release|Any CPU.Build.0 = Release|Any CPU
		{49EF0E29-06FE-4F1B-8F19-E0AAFA950D5B}.Debug|Any CPU.ActiveCfg = Debug|Any CPU
		{49EF0E29-06FE-4F1B-8F19-E0AAFA950D5B}.Debug|Any CPU.Build.0 = Debug|Any CPU
		{49EF0E29-06FE-4F1B-8F19-E0AAFA950D5B}.Release|Any CPU.ActiveCfg = Release|Any CPU
		{49EF0E29-06FE-4F1B-8F19-E0AAFA950D5B}.Release|Any CPU.Build.0 = Release|Any CPU
		{AFE55BCB-63FF-4569-81A3-4676C8DC5269}.Debug|Any CPU.ActiveCfg = Debug|Any CPU
		{AFE55BCB-63FF-4569-81A3-4676C8DC5269}.Debug|Any CPU.Build.0 = Debug|Any CPU
		{AFE55BCB-63FF-4569-81A3-4676C8DC5269}.Release|Any CPU.ActiveCfg = Release|Any CPU
		{AFE55BCB-63FF-4569-81A3-4676C8DC5269}.Release|Any CPU.Build.0 = Release|Any CPU
	EndGlobalSection
	GlobalSection(SolutionProperties) = preSolution
		HideSolutionNode = FALSE
	EndGlobalSection
	GlobalSection(NestedProjects) = preSolution
		{A85A8D05-04D4-464D-B61C-E07C88E8D864} = {26A6FEB6-5704-44E9-A069-610377B080A6}
		{BD00BF54-434E-4382-8456-14864C1390BA} = {26A6FEB6-5704-44E9-A069-610377B080A6}
		{49EF0E29-06FE-4F1B-8F19-E0AAFA950D5B} = {26A6FEB6-5704-44E9-A069-610377B080A6}
		{AFE55BCB-63FF-4569-81A3-4676C8DC5269} = {26A6FEB6-5704-44E9-A069-610377B080A6}
	EndGlobalSection
	GlobalSection(ExtensibilityGlobals) = postSolution
		SolutionGuid = {693D7DA9-9395-498E-88A1-FC759800F375}
	EndGlobalSection
EndGlobal
